// !$*UTF8*$!
{
	archiveVersion = 1;
	classes = {
	};
	objectVersion = 46;
	objects = {

/* Begin PBXBuildFile section */
		DD3F30251DCA2355009DF221 /* main.m in Sources */ = {isa = PBXBuildFile; fileRef = DD3F30241DCA2355009DF221 /* main.m */; };
		DD3F30281DCA2355009DF221 /* AppDelegate.m in Sources */ = {isa = PBXBuildFile; fileRef = DD3F30271DCA2355009DF221 /* AppDelegate.m */; };
		DD3F302E1DCA2355009DF221 /* Main.storyboard in Resources */ = {isa = PBXBuildFile; fileRef = DD3F302C1DCA2355009DF221 /* Main.storyboard */; };
		DD3F30301DCA2355009DF221 /* Assets.xcassets in Resources */ = {isa = PBXBuildFile; fileRef = DD3F302F1DCA2355009DF221 /* Assets.xcassets */; };
		DD3F30331DCA2355009DF221 /* LaunchScreen.storyboard in Resources */ = {isa = PBXBuildFile; fileRef = DD3F30311DCA2355009DF221 /* LaunchScreen.storyboard */; };
		DD3F303F1DCA2E49009DF221 /* BNRHypnosisView.m in Sources */ = {isa = PBXBuildFile; fileRef = DD3F303E1DCA2E49009DF221 /* BNRHypnosisView.m */; };
/* End PBXBuildFile section */

/* Begin PBXFileReference section */
		DD3F30201DCA2355009DF221 /* Hypnosister.app */ = {isa = PBXFileReference; explicitFileType = wrapper.application; includeInIndex = 0; path = Hypnosister.app; sourceTree = BUILT_PRODUCTS_DIR; };
		DD3F30241DCA2355009DF221 /* main.m */ = {isa = PBXFileReference; lastKnownFileType = sourcecode.c.objc; path = main.m; sourceTree = "<group>"; };
		DD3F30261DCA2355009DF221 /* AppDelegate.h */ = {isa = PBXFileReference; lastKnownFileType = sourcecode.c.h; path = AppDelegate.h; sourceTree = "<group>"; };
		DD3F30271DCA2355009DF221 /* AppDelegate.m */ = {isa = PBXFileReference; lastKnownFileType = sourcecode.c.objc; path = AppDelegate.m; sourceTree = "<group>"; };
		DD3F302D1DCA2355009DF221 /* Base */ = {isa = PBXFileReference; lastKnownFileType = file.storyboard; name = Base; path = Base.lproj/Main.storyboard; sourceTree = "<group>"; };
		DD3F302F1DCA2355009DF221 /* Assets.xcassets */ = {isa = PBXFileReference; lastKnownFileType = folder.assetcatalog; path = Assets.xcassets; sourceTree = "<group>"; };
		DD3F30321DCA2355009DF221 /* Base */ = {isa = PBXFileReference; lastKnownFileType = file.storyboard; name = Base; path = Base.lproj/LaunchScreen.storyboard; sourceTree = "<group>"; };
		DD3F30341DCA2355009DF221 /* Info.plist */ = {isa = PBXFileReference; lastKnownFileType = text.plist.xml; path = Info.plist; sourceTree = "<group>"; };
		DD3F303D1DCA2E49009DF221 /* BNRHypnosisView.h */ = {isa = PBXFileReference; fileEncoding = 4; lastKnownFileType = sourcecode.c.h; name = BNRHypnosisView.h; path = ../BNRHypnosisView.h; sourceTree = "<group>"; };
		DD3F303E1DCA2E49009DF221 /* BNRHypnosisView.m */ = {isa = PBXFileReference; fileEncoding = 4; lastKnownFileType = sourcecode.c.objc; name = BNRHypnosisView.m; path = ../BNRHypnosisView.m; sourceTree = "<group>"; };
/* End PBXFileReference section */

/* Begin PBXFrameworksBuildPhase section */
		DD3F301D1DCA2355009DF221 /* Frameworks */ = {
			isa = PBXFrameworksBuildPhase;
			buildActionMask = 2147483647;
			files = (
			);
			runOnlyForDeploymentPostprocessing = 0;
		};
/* End PBXFrameworksBuildPhase section */

/* Begin PBXGroup section */
		DD3F30171DCA2355009DF221 = {
			isa = PBXGroup;
			children = (
				DD3F30221DCA2355009DF221 /* Hypnosister */,
				DD3F30211DCA2355009DF221 /* Products */,
			);
			sourceTree = "<group>";
		};
		DD3F30211DCA2355009DF221 /* Products */ = {
			isa = PBXGroup;
			children = (
				DD3F30201DCA2355009DF221 /* Hypnosister.app */,
			);
			name = Products;
			sourceTree = "<group>";
		};
		DD3F30221DCA2355009DF221 /* Hypnosister */ = {
			isa = PBXGroup;
			children = (
				DD3F303D1DCA2E49009DF221 /* BNRHypnosisView.h */,
				DD3F303E1DCA2E49009DF221 /* BNRHypnosisView.m */,
				DD3F30261DCA2355009DF221 /* AppDelegate.h */,
				DD3F30271DCA2355009DF221 /* AppDelegate.m */,
				DD3F302C1DCA2355009DF221 /* Main.storyboard */,
				DD3F302F1DCA2355009DF221 /* Assets.xcassets */,
				DD3F30311DCA2355009DF221 /* LaunchScreen.storyboard */,
				DD3F30341DCA2355009DF221 /* Info.plist */,
				DD3F30231DCA2355009DF221 /* Supporting Files */,
			);
			path = Hypnosister;
			sourceTree = "<group>";
		};
		DD3F30231DCA2355009DF221 /* Supporting Files */ = {
			isa = PBXGroup;
			children = (
				DD3F30241DCA2355009DF221 /* main.m */,
			);
			name = "Supporting Files";
			sourceTree = "<group>";
		};
/* End PBXGroup section */

/* Begin PBXNativeTarget section */
		DD3F301F1DCA2355009DF221 /* Hypnosister */ = {
			isa = PBXNativeTarget;
			buildConfigurationList = DD3F30371DCA2355009DF221 /* Build configuration list for PBXNativeTarget "Hypnosister" */;
			buildPhases = (
				DD3F301C1DCA2355009DF221 /* Sources */,
				DD3F301D1DCA2355009DF221 /* Frameworks */,
				DD3F301E1DCA2355009DF221 /* Resources */,
			);
			buildRules = (
			);
			dependencies = (
			);
			name = Hypnosister;
			productName = Hypnosister;
			productReference = DD3F30201DCA2355009DF221 /* Hypnosister.app */;
			productType = "com.apple.product-type.application";
		};
/* End PBXNativeTarget section */

/* Begin PBXProject section */
		DD3F30181DCA2355009DF221 /* Project object */ = {
			isa = PBXProject;
			attributes = {
				LastUpgradeCheck = 0810;
				ORGANIZATIONNAME = "More Xiong";
				TargetAttributes = {
					DD3F301F1DCA2355009DF221 = {
						CreatedOnToolsVersion = 8.1;
						DevelopmentTeam = 2F4RW9E8DV;
						ProvisioningStyle = Automatic;
					};
				};
			};
			buildConfigurationList = DD3F301B1DCA2355009DF221 /* Build configuration list for PBXProject "Hypnosister" */;
			compatibilityVersion = "Xcode 3.2";
			developmentRegion = English;
			hasScannedForEncodings = 0;
			knownRegions = (
				en,
				Base,
			);
			mainGroup = DD3F30171DCA2355009DF221;
			productRefGroup = DD3F30211DCA2355009DF221 /* Products */;
			projectDirPath = "";
			projectRoot = "";
			targets = (
				DD3F301F1DCA2355009DF221 /* Hypnosister */,
			);
		};
/* End PBXProject section */

/* Begin PBXResourcesBuildPhase section */
		DD3F301E1DCA2355009DF221 /* Resources */ = {
			isa = PBXResourcesBuildPhase;
			buildActionMask = 2147483647;
			files = (
				DD3F30331DCA2355009DF221 /* LaunchScreen.storyboard in Resources */,
				DD3F30301DCA2355009DF221 /* Assets.xcassets in Resources */,
				DD3F302E1DCA2355009DF221 /* Main.storyboard in Resources */,
			);
			runOnlyForDeploymentPostprocessing = 0;
		};
/* End PBXResourcesBuildPhase section */

/* Begin PBXSourcesBuildPhase section */
		DD3F301C1DCA2355009DF221 /* Sources */ = {
			isa = PBXSourcesBuildPhase;
			buildActionMask = 2147483647;
			files = (
				DD3F30281DCA2355009DF221 /* AppDelegate.m in Sources */,
				DD3F303F1DCA2E49009DF221 /* BNRHypnosisView.m in Sources */,
				DD3F30251DCA2355009DF221 /* main.m in Sources */,
			);
			runOnlyForDeploymentPostprocessing = 0;
		};
/* End PBXSourcesBuildPhase section */

/* Begin PBXVariantGroup section */
		DD3F302C1DCA2355009DF221 /* Main.storyboard */ = {
			isa = PBXVariantGroup;
			children = (
				DD3F302D1DCA2355009DF221 /* Base */,
			);
			name = Main.storyboard;
			sourceTree = "<group>";
		};
		DD3F30311DCA2355009DF221 /* LaunchScreen.storyboard */ = {
			isa = PBXVariantGroup;
			children = (
				DD3F30321DCA2355009DF221 /* Base */,
			);
			name = LaunchScreen.storyboard;
			sourceTree = "<group>";
		};
/* End PBXVariantGroup section */

/* Begin XCBuildConfiguration section */
		DD3F30351DCA2355009DF221 /* Debug */ = {
			isa = XCBuildConfiguration;
			buildSettings = {
				ALWAYS_SEARCH_USER_PATHS = NO;
				CLANG_ANALYZER_NONNULL = YES;
				CLANG_CXX_LANGUAGE_STANDARD = "gnu++0x";
				CLANG_CXX_LIBRARY = "libc++";
				CLANG_ENABLE_MODULES = YES;
				CLANG_ENABLE_OBJC_ARC = YES;
				CLANG_WARN_BOOL_CONVERSION = YES;
				CLANG_WARN_CONSTANT_CONVERSION = YES;
				CLANG_WARN_DIRECT_OBJC_ISA_USAGE = YES_ERROR;
				CLANG_WARN_DOCUMENTATION_COMMENTS = YES;
				CLANG_WARN_EMPTY_BODY = YES;
				CLANG_WARN_ENUM_CONVERSION = YES;
				CLANG_WARN_INFINITE_RECURSION = YES;
				CLANG_WARN_INT_CONVERSION = YES;
				CLANG_WARN_OBJC_ROOT_CLASS = YES_ERROR;
				CLANG_WARN_SUSPICIOUS_MOVES = YES;
				CLANG_WARN_UNREACHABLE_CODE = YES;
				CLANG_WARN__DUPLICATE_METHOD_MATCH = YES;
				"CODE_SIGN_IDENTITY[sdk=iphoneos*]" = "iPhone Developer";
				COPY_PHASE_STRIP = NO;
				DEBUG_INFORMATION_FORMAT = dwarf;
				ENABLE_STRICT_OBJC_MSGSEND = YES;
				ENABLE_TESTABILITY = YES;
				GCC_C_LANGUAGE_STANDARD = gnu99;
				GCC_DYNAMIC_NO_PIC = NO;
				GCC_NO_COMMON_BLOCKS = YES;
				GCC_OPTIMIZATION_LEVEL = 0;
				GCC_PREPROCESSOR_DEFINITIONS = (
					"DEBUG=1",
					"$(inherited)",
				);
				GCC_WARN_64_TO_32_BIT_CONVERSION = YES;
				GCC_WARN_ABOUT_RETURN_TYPE = YES_ERROR;
				GCC_WARN_UNDECLARED_SELECTOR = YES;
				GCC_WARN_UNINITIALIZED_AUTOS = YES_AGGRESSIVE;
				GCC_WARN_UNUSED_FUNCTION = YES;
				GCC_WARN_UNUSED_VARIABLE = YES;
				IPHONEOS_DEPLOYMENT_TARGET = 10.1;
				MTL_ENABLE_DEBUG_INFO = YES;
				ONLY_ACTIVE_ARCH = YES;
				SDKROOT = iphoneos;
			};
			name = Debug;
		};
		DD3F30361DCA2355009DF221 /* Release */ = {
			isa = XCBuildConfiguration;
			buildSettings = {
				ALWAYS_SEARCH_USER_PATHS = NO;
				CLANG_ANALYZER_NONNULL = YES;
				CLANG_CXX_LANGUAGE_STANDARD = "gnu++0x";
				CLANG_CXX_LIBRARY = "libc++";
				CLANG_ENABLE_MODULES = YES;
				CLANG_ENABLE_OBJC_ARC = YES;
				CLANG_WARN_BOOL_CONVERSION = YES;
				CLANG_WARN_CONSTANT_CONVERSION = YES;
				CLANG_WARN_DIRECT_OBJC_ISA_USAGE = YES_ERROR;
				CLANG_WARN_DOCUMENTATION_COMMENTS = YES;
				CLANG_WARN_EMPTY_BODY = YES;
				CLANG_WARN_ENUM_CONVERSION = YES;
				CLANG_WARN_INFINITE_RECURSION = YES;
				CLANG_WARN_INT_CONVERSION = YES;
				CLANG_WARN_OBJC_ROOT_CLASS = YES_ERROR;
				CLANG_WARN_SUSPICIOUS_MOVES = YES;
				CLANG_WARN_UNREACHABLE_CODE = YES;
				CLANG_WARN__DUPLICATE_METHOD_MATCH = YES;
				"CODE_SIGN_IDENTITY[sdk=iphoneos*]" = "iPhone Developer";
				COPY_PHASE_STRIP = NO;
				DEBUG_INFORMATION_FORMAT = "dwarf-with-dsym";
				ENABLE_NS_ASSERTIONS = NO;
				ENABLE_STRICT_OBJC_MSGSEND = YES;
				GCC_C_LANGUAGE_STANDARD = gnu99;
				GCC_NO_COMMON_BLOCKS = YES;
				GCC_WARN_64_TO_32_BIT_CONVERSION = YES;
				GCC_WARN_ABOUT_RETURN_TYPE = YES_ERROR;
				GCC_WARN_UNDECLARED_SELECTOR = YES;
				GCC_WARN_UNINITIALIZED_AUTOS = YES_AGGRESSIVE;
				GCC_WARN_UNUSED_FUNCTION = YES;
				GCC_WARN_UNUSED_VARIABLE = YES;
				IPHONEOS_DEPLOYMENT_TARGET = 10.1;
				MTL_ENABLE_DEBUG_INFO = NO;
				SDKROOT = iphoneos;
				VALIDATE_PRODUCT = YES;
			};
			name = Release;
		};
		DD3F30381DCA2355009DF221 /* Debug */ = {
			isa = XCBuildConfiguration;
			buildSettings = {
				ASSETCATALOG_COMPILER_APPICON_NAME = AppIcon;
				DEVELOPMENT_TEAM = 2F4RW9E8DV;
				INFOPLIST_FILE = Hypnosister/Info.plist;
				LD_RUNPATH_SEARCH_PATHS = "$(inherited) @executable_path/Frameworks";
				PRODUCT_BUNDLE_IDENTIFIER = MoreXiong.Hypnosister;
				PRODUCT_NAME = "$(TARGET_NAME)";
			};
			name = Debug;
		};
		DD3F30391DCA2355009DF221 /* Release */ = {
			isa = XCBuildConfiguration;
			buildSettings = {
				ASSETCATALOG_COMPILER_APPICON_NAME = AppIcon;
				DEVELOPMENT_TEAM = 2F4RW9E8DV;
				INFOPLIST_FILE = Hypnosister/Info.plist;
				LD_RUNPATH_SEARCH_PATHS = "$(inherited) @executable_path/Frameworks";
				PRODUCT_BUNDLE_IDENTIFIER = MoreXiong.Hypnosister;
				PRODUCT_NAME = "$(TARGET_NAME)";
			};
			name = Release;
		};
/* End XCBuildConfiguration section */

/* Begin XCConfigurationList section */
		DD3F301B1DCA2355009DF221 /* Build configuration list for PBXProject "Hypnosister" */ = {
			isa = XCConfigurationList;
			buildConfigurations = (
				DD3F30351DCA2355009DF221 /* Debug */,
				DD3F30361DCA2355009DF221 /* Release */,
			);
			defaultConfigurationIsVisible = 0;
			defaultConfigurationName = Release;
		};
		DD3F30371DCA2355009DF221 /* Build configuration list for PBXNativeTarget "Hypnosister" */ = {
			isa = XCConfigurationList;
			buildConfigurations = (
				DD3F30381DCA2355009DF221 /* Debug */,
				DD3F30391DCA2355009DF221 /* Release */,
			);
			defaultConfigurationIsVisible = 0;
			defaultConfigurationName = Release;
		};
/* End XCConfigurationList section */
	};
	rootObject = DD3F30181DCA2355009DF221 /* Project object */;
}
